
Microsoft Visual Studio Solution File, Format Version 12.00
# Visual Studio Version 17
VisualStudioVersion = 17.9.34407.89
MinimumVisualStudioVersion = 10.0.40219.1
Project("{FAE04EC0-301F-11D3-BF4B-00C04F79EFBC}") = "Platformer", "Platformer.csproj", "{02D1D7B4-AD99-4ECF-B058-229C445268FA}"
EndProject
Global
	GlobalSection(SolutionConfigurationPlatforms) = preSolution
		Debug|Any CPU = Debug|Any CPU
		Release|Any CPU = Release|Any CPU
	EndGlobalSection
	GlobalSection(ProjectConfigurationPlatforms) = postSolution
		{02D1D7B4-AD99-4ECF-B058-229C445268FA}.Debug|Any CPU.ActiveCfg = Debug|Any CPU
		{02D1D7B4-AD99-4ECF-B058-229C445268FA}.Debug|Any CPU.Build.0 = Debug|Any CPU
		{02D1D7B4-AD99-4ECF-B058-229C445268FA}.Release|Any CPU.ActiveCfg = Release|Any CPU
		{02D1D7B4-AD99-4ECF-B058-229C445268FA}.Release|Any CPU.Build.0 = Release|Any CPU
	EndGlobalSection
	GlobalSection(SolutionProperties) = preSolution
		HideSolutionNode = FALSE
	EndGlobalSection
	GlobalSection(ExtensibilityGlobals) = postSolution
		SolutionGuid = {027C5613-8BB5-4991-BA4E-EDF3FA5D60FE}
	EndGlobalSection
EndGlobal
